
Microsoft Visual Studio Solution File, Format Version 12.00
# Visual Studio Version 16
VisualStudioVersion = 16.0.30503.244
MinimumVisualStudioVersion = 10.0.40219.1
Project("{FAE04EC0-301F-11D3-BF4B-00C04F79EFBC}") = "Laba_5", "Laba_5\Laba_5.csproj", "{949EA3B5-A8DA-4FBA-B6B9-46C443A49243}"
EndProject
Global
	GlobalSection(SolutionConfigurationPlatforms) = preSolution
		Debug|Any CPU = Debug|Any CPU
		Release|Any CPU = Release|Any CPU
	EndGlobalSection
	GlobalSection(ProjectConfigurationPlatforms) = postSolution
		{949EA3B5-A8DA-4FBA-B6B9-46C443A49243}.Debug|Any CPU.ActiveCfg = Debug|Any CPU
		{949EA3B5-A8DA-4FBA-B6B9-46C443A49243}.Debug|Any CPU.Build.0 = Debug|Any CPU
		{949EA3B5-A8DA-4FBA-B6B9-46C443A49243}.Release|Any CPU.ActiveCfg = Release|Any CPU
		{949EA3B5-A8DA-4FBA-B6B9-46C443A49243}.Release|Any CPU.Build.0 = Release|Any CPU
	EndGlobalSection
	GlobalSection(SolutionProperties) = preSolution
		HideSolutionNode = FALSE
	EndGlobalSection
	GlobalSection(ExtensibilityGlobals) = postSolution
		SolutionGuid = {D6F54636-0665-4543-8140-97A4B6B07690}
	EndGlobalSection
EndGlobal
